// !$*UTF8*$!
{
	archiveVersion = 1;
	classes = {
	};
	objectVersion = 50;
	objects = {

/* Begin PBXBuildFile section */
		09C4708E21EE7040003C1B71 /* GameTableViewController.swift in Sources */ = {isa = PBXBuildFile; fileRef = 09C4708D21EE7040003C1B71 /* GameTableViewController.swift */; };
		09F68E4821EE6007005658C2 /* AppDelegate.swift in Sources */ = {isa = PBXBuildFile; fileRef = 09F68E4721EE6007005658C2 /* AppDelegate.swift */; };
		09F68E4A21EE6007005658C2 /* ViewController.swift in Sources */ = {isa = PBXBuildFile; fileRef = 09F68E4921EE6007005658C2 /* ViewController.swift */; };
		09F68E4D21EE6007005658C2 /* Main.storyboard in Resources */ = {isa = PBXBuildFile; fileRef = 09F68E4B21EE6007005658C2 /* Main.storyboard */; };
		09F68E4F21EE6008005658C2 /* Assets.xcassets in Resources */ = {isa = PBXBuildFile; fileRef = 09F68E4E21EE6008005658C2 /* Assets.xcassets */; };
		09F68E5221EE6008005658C2 /* LaunchScreen.storyboard in Resources */ = {isa = PBXBuildFile; fileRef = 09F68E5021EE6008005658C2 /* LaunchScreen.storyboard */; };
		09F68E5D21EE6008005658C2 /* GameSearchTests.swift in Sources */ = {isa = PBXBuildFile; fileRef = 09F68E5C21EE6008005658C2 /* GameSearchTests.swift */; };
		09F68E6821EE6008005658C2 /* GameSearchUITests.swift in Sources */ = {isa = PBXBuildFile; fileRef = 09F68E6721EE6008005658C2 /* GameSearchUITests.swift */; };
		1B2D1EB48F1FD646D3DE16D3 /* Pods_GameSearch.framework in Frameworks */ = {isa = PBXBuildFile; fileRef = D1203A68529BD87993F1BD53 /* Pods_GameSearch.framework */; };
		A2C0F6CCF80C6F1ACE3BB940 /* Pods_GameSearchTests.framework in Frameworks */ = {isa = PBXBuildFile; fileRef = E60B14632D7855639B0D6A7A /* Pods_GameSearchTests.framework */; };
		C7013A06B5B5BB63EA7E2F0B /* Pods_GameSearchUITests.framework in Frameworks */ = {isa = PBXBuildFile; fileRef = 6FE39C60A2285227F921359B /* Pods_GameSearchUITests.framework */; };
/* End PBXBuildFile section */

/* Begin PBXContainerItemProxy section */
		09F68E5921EE6008005658C2 /* PBXContainerItemProxy */ = {
			isa = PBXContainerItemProxy;
			containerPortal = 09F68E3C21EE6007005658C2 /* Project object */;
			proxyType = 1;
			remoteGlobalIDString = 09F68E4321EE6007005658C2;
			remoteInfo = GameSearch;
		};
		09F68E6421EE6008005658C2 /* PBXContainerItemProxy */ = {
			isa = PBXContainerItemProxy;
			containerPortal = 09F68E3C21EE6007005658C2 /* Project object */;
			proxyType = 1;
			remoteGlobalIDString = 09F68E4321EE6007005658C2;
			remoteInfo = GameSearch;
		};
/* End PBXContainerItemProxy section */

/* Begin PBXFileReference section */
		09C4708D21EE7040003C1B71 /* GameTableViewController.swift */ = {isa = PBXFileReference; lastKnownFileType = sourcecode.swift; path = GameTableViewController.swift; sourceTree = "<group>"; };
		09F68E4421EE6007005658C2 /* GameSearch.app */ = {isa = PBXFileReference; explicitFileType = wrapper.application; includeInIndex = 0; path = GameSearch.app; sourceTree = BUILT_PRODUCTS_DIR; };
		09F68E4721EE6007005658C2 /* AppDelegate.swift */ = {isa = PBXFileReference; lastKnownFileType = sourcecode.swift; path = AppDelegate.swift; sourceTree = "<group>"; };
		09F68E4921EE6007005658C2 /* ViewController.swift */ = {isa = PBXFileReference; lastKnownFileType = sourcecode.swift; path = ViewController.swift; sourceTree = "<group>"; };
		09F68E4C21EE6007005658C2 /* Base */ = {isa = PBXFileReference; lastKnownFileType = file.storyboard; name = Base; path = Base.lproj/Main.storyboard; sourceTree = "<group>"; };
		09F68E4E21EE6008005658C2 /* Assets.xcassets */ = {isa = PBXFileReference; lastKnownFileType = folder.assetcatalog; path = Assets.xcassets; sourceTree = "<group>"; };
		09F68E5121EE6008005658C2 /* Base */ = {isa = PBXFileReference; lastKnownFileType = file.storyboard; name = Base; path = Base.lproj/LaunchScreen.storyboard; sourceTree = "<group>"; };
		09F68E5321EE6008005658C2 /* Info.plist */ = {isa = PBXFileReference; lastKnownFileType = text.plist.xml; path = Info.plist; sourceTree = "<group>"; };
		09F68E5821EE6008005658C2 /* GameSearchTests.xctest */ = {isa = PBXFileReference; explicitFileType = wrapper.cfbundle; includeInIndex = 0; path = GameSearchTests.xctest; sourceTree = BUILT_PRODUCTS_DIR; };
		09F68E5C21EE6008005658C2 /* GameSearchTests.swift */ = {isa = PBXFileReference; lastKnownFileType = sourcecode.swift; path = GameSearchTests.swift; sourceTree = "<group>"; };
		09F68E5E21EE6008005658C2 /* Info.plist */ = {isa = PBXFileReference; lastKnownFileType = text.plist.xml; path = Info.plist; sourceTree = "<group>"; };
		09F68E6321EE6008005658C2 /* GameSearchUITests.xctest */ = {isa = PBXFileReference; explicitFileType = wrapper.cfbundle; includeInIndex = 0; path = GameSearchUITests.xctest; sourceTree = BUILT_PRODUCTS_DIR; };
		09F68E6721EE6008005658C2 /* GameSearchUITests.swift */ = {isa = PBXFileReference; lastKnownFileType = sourcecode.swift; path = GameSearchUITests.swift; sourceTree = "<group>"; };
		09F68E6921EE6008005658C2 /* Info.plist */ = {isa = PBXFileReference; lastKnownFileType = text.plist.xml; path = Info.plist; sourceTree = "<group>"; };
		1577F00B9864723358ACCD37 /* Pods-GameSearchUITests.release.xcconfig */ = {isa = PBXFileReference; includeInIndex = 1; lastKnownFileType = text.xcconfig; name = "Pods-GameSearchUITests.release.xcconfig"; path = "Pods/Target Support Files/Pods-GameSearchUITests/Pods-GameSearchUITests.release.xcconfig"; sourceTree = "<group>"; };
		2A13A24B8F366DCD32B1D8ED /* Pods-GameSearchTests.release.xcconfig */ = {isa = PBXFileReference; includeInIndex = 1; lastKnownFileType = text.xcconfig; name = "Pods-GameSearchTests.release.xcconfig"; path = "Pods/Target Support Files/Pods-GameSearchTests/Pods-GameSearchTests.release.xcconfig"; sourceTree = "<group>"; };
		5D7B1E84229E3C729AC4A311 /* Pods-GameSearchTests.debug.xcconfig */ = {isa = PBXFileReference; includeInIndex = 1; lastKnownFileType = text.xcconfig; name = "Pods-GameSearchTests.debug.xcconfig"; path = "Pods/Target Support Files/Pods-GameSearchTests/Pods-GameSearchTests.debug.xcconfig"; sourceTree = "<group>"; };
		6FE39C60A2285227F921359B /* Pods_GameSearchUITests.framework */ = {isa = PBXFileReference; explicitFileType = wrapper.framework; includeInIndex = 0; path = Pods_GameSearchUITests.framework; sourceTree = BUILT_PRODUCTS_DIR; };
		A84ED7FA4621A50B273E7E30 /* Pods-GameSearch.release.xcconfig */ = {isa = PBXFileReference; includeInIndex = 1; lastKnownFileType = text.xcconfig; name = "Pods-GameSearch.release.xcconfig"; path = "Pods/Target Support Files/Pods-GameSearch/Pods-GameSearch.release.xcconfig"; sourceTree = "<group>"; };
		D07AD98BA58EB98E8220909E /* Pods-GameSearch.debug.xcconfig */ = {isa = PBXFileReference; includeInIndex = 1; lastKnownFileType = text.xcconfig; name = "Pods-GameSearch.debug.xcconfig"; path = "Pods/Target Support Files/Pods-GameSearch/Pods-GameSearch.debug.xcconfig"; sourceTree = "<group>"; };
		D1203A68529BD87993F1BD53 /* Pods_GameSearch.framework */ = {isa = PBXFileReference; explicitFileType = wrapper.framework; includeInIndex = 0; path = Pods_GameSearch.framework; sourceTree = BUILT_PRODUCTS_DIR; };
		E60B14632D7855639B0D6A7A /* Pods_GameSearchTests.framework */ = {isa = PBXFileReference; explicitFileType = wrapper.framework; includeInIndex = 0; path = Pods_GameSearchTests.framework; sourceTree = BUILT_PRODUCTS_DIR; };
		E83368C4B8226A0B1D74AE9B /* Pods-GameSearchUITests.debug.xcconfig */ = {isa = PBXFileReference; includeInIndex = 1; lastKnownFileType = text.xcconfig; name = "Pods-GameSearchUITests.debug.xcconfig"; path = "Pods/Target Support Files/Pods-GameSearchUITests/Pods-GameSearchUITests.debug.xcconfig"; sourceTree = "<group>"; };
/* End PBXFileReference section */

/* Begin PBXFrameworksBuildPhase section */
		09F68E4121EE6007005658C2 /* Frameworks */ = {
			isa = PBXFrameworksBuildPhase;
			buildActionMask = 2147483647;
			files = (
				1B2D1EB48F1FD646D3DE16D3 /* Pods_GameSearch.framework in Frameworks */,
			);
			runOnlyForDeploymentPostprocessing = 0;
		};
		09F68E5521EE6008005658C2 /* Frameworks */ = {
			isa = PBXFrameworksBuildPhase;
			buildActionMask = 2147483647;
			files = (
				A2C0F6CCF80C6F1ACE3BB940 /* Pods_GameSearchTests.framework in Frameworks */,
			);
			runOnlyForDeploymentPostprocessing = 0;
		};
		09F68E6021EE6008005658C2 /* Frameworks */ = {
			isa = PBXFrameworksBuildPhase;
			buildActionMask = 2147483647;
			files = (
				C7013A06B5B5BB63EA7E2F0B /* Pods_GameSearchUITests.framework in Frameworks */,
			);
			runOnlyForDeploymentPostprocessing = 0;
		};
/* End PBXFrameworksBuildPhase section */

/* Begin PBXGroup section */
		09F68E3B21EE6007005658C2 = {
			isa = PBXGroup;
			children = (
				09F68E4621EE6007005658C2 /* GameSearch */,
				09F68E5B21EE6008005658C2 /* GameSearchTests */,
				09F68E6621EE6008005658C2 /* GameSearchUITests */,
				09F68E4521EE6007005658C2 /* Products */,
				206847C62C15BB6D42EECA10 /* Pods */,
				318D452F3CFD29C2BEA536BC /* Frameworks */,
			);
			sourceTree = "<group>";
		};
		09F68E4521EE6007005658C2 /* Products */ = {
			isa = PBXGroup;
			children = (
				09F68E4421EE6007005658C2 /* GameSearch.app */,
				09F68E5821EE6008005658C2 /* GameSearchTests.xctest */,
				09F68E6321EE6008005658C2 /* GameSearchUITests.xctest */,
			);
			name = Products;
			sourceTree = "<group>";
		};
		09F68E4621EE6007005658C2 /* GameSearch */ = {
			isa = PBXGroup;
			children = (
				09F68E4721EE6007005658C2 /* AppDelegate.swift */,
				09F68E4921EE6007005658C2 /* ViewController.swift */,
				09C4708D21EE7040003C1B71 /* GameTableViewController.swift */,
				09F68E4B21EE6007005658C2 /* Main.storyboard */,
				09F68E4E21EE6008005658C2 /* Assets.xcassets */,
				09F68E5021EE6008005658C2 /* LaunchScreen.storyboard */,
				09F68E5321EE6008005658C2 /* Info.plist */,
			);
			path = GameSearch;
			sourceTree = "<group>";
		};
		09F68E5B21EE6008005658C2 /* GameSearchTests */ = {
			isa = PBXGroup;
			children = (
				09F68E5C21EE6008005658C2 /* GameSearchTests.swift */,
				09F68E5E21EE6008005658C2 /* Info.plist */,
			);
			path = GameSearchTests;
			sourceTree = "<group>";
		};
		09F68E6621EE6008005658C2 /* GameSearchUITests */ = {
			isa = PBXGroup;
			children = (
				09F68E6721EE6008005658C2 /* GameSearchUITests.swift */,
				09F68E6921EE6008005658C2 /* Info.plist */,
			);
			path = GameSearchUITests;
			sourceTree = "<group>";
		};
		206847C62C15BB6D42EECA10 /* Pods */ = {
			isa = PBXGroup;
			children = (
				D07AD98BA58EB98E8220909E /* Pods-GameSearch.debug.xcconfig */,
				A84ED7FA4621A50B273E7E30 /* Pods-GameSearch.release.xcconfig */,
				5D7B1E84229E3C729AC4A311 /* Pods-GameSearchTests.debug.xcconfig */,
				2A13A24B8F366DCD32B1D8ED /* Pods-GameSearchTests.release.xcconfig */,
				E83368C4B8226A0B1D74AE9B /* Pods-GameSearchUITests.debug.xcconfig */,
				1577F00B9864723358ACCD37 /* Pods-GameSearchUITests.release.xcconfig */,
			);
			name = Pods;
			sourceTree = "<group>";
		};
		318D452F3CFD29C2BEA536BC /* Frameworks */ = {
			isa = PBXGroup;
			children = (
				D1203A68529BD87993F1BD53 /* Pods_GameSearch.framework */,
				E60B14632D7855639B0D6A7A /* Pods_GameSearchTests.framework */,
				6FE39C60A2285227F921359B /* Pods_GameSearchUITests.framework */,
			);
			name = Frameworks;
			sourceTree = "<group>";
		};
/* End PBXGroup section */

/* Begin PBXNativeTarget section */
		09F68E4321EE6007005658C2 /* GameSearch */ = {
			isa = PBXNativeTarget;
			buildConfigurationList = 09F68E6C21EE6008005658C2 /* Build configuration list for PBXNativeTarget "GameSearch" */;
			buildPhases = (
				B55FEF4515C51EE7CC189AD7 /* [CP] Check Pods Manifest.lock */,
				09F68E4021EE6007005658C2 /* Sources */,
				09F68E4121EE6007005658C2 /* Frameworks */,
				09F68E4221EE6007005658C2 /* Resources */,
				72F8A55CAF00BC4CDEBCFDAA /* [CP] Embed Pods Frameworks */,
			);
			buildRules = (
			);
			dependencies = (
			);
			name = GameSearch;
			productName = GameSearch;
			productReference = 09F68E4421EE6007005658C2 /* GameSearch.app */;
			productType = "com.apple.product-type.application";
		};
		09F68E5721EE6008005658C2 /* GameSearchTests */ = {
			isa = PBXNativeTarget;
			buildConfigurationList = 09F68E6F21EE6008005658C2 /* Build configuration list for PBXNativeTarget "GameSearchTests" */;
			buildPhases = (
				F7B45CC802A7FEB69C4D0F7D /* [CP] Check Pods Manifest.lock */,
				09F68E5421EE6008005658C2 /* Sources */,
				09F68E5521EE6008005658C2 /* Frameworks */,
				09F68E5621EE6008005658C2 /* Resources */,
			);
			buildRules = (
			);
			dependencies = (
				09F68E5A21EE6008005658C2 /* PBXTargetDependency */,
			);
			name = GameSearchTests;
			productName = GameSearchTests;
			productReference = 09F68E5821EE6008005658C2 /* GameSearchTests.xctest */;
			productType = "com.apple.product-type.bundle.unit-test";
		};
		09F68E6221EE6008005658C2 /* GameSearchUITests */ = {
			isa = PBXNativeTarget;
			buildConfigurationList = 09F68E7221EE6008005658C2 /* Build configuration list for PBXNativeTarget "GameSearchUITests" */;
			buildPhases = (
				4AF15CD1D5E2A06314B14E72 /* [CP] Check Pods Manifest.lock */,
				09F68E5F21EE6008005658C2 /* Sources */,
				09F68E6021EE6008005658C2 /* Frameworks */,
				09F68E6121EE6008005658C2 /* Resources */,
			);
			buildRules = (
			);
			dependencies = (
				09F68E6521EE6008005658C2 /* PBXTargetDependency */,
			);
			name = GameSearchUITests;
			productName = GameSearchUITests;
			productReference = 09F68E6321EE6008005658C2 /* GameSearchUITests.xctest */;
			productType = "com.apple.product-type.bundle.ui-testing";
		};
/* End PBXNativeTarget section */

/* Begin PBXProject section */
		09F68E3C21EE6007005658C2 /* Project object */ = {
			isa = PBXProject;
			attributes = {
				LastSwiftUpdateCheck = 1010;
				LastUpgradeCheck = 1010;
				ORGANIZATIONNAME = "Biradar, Pravin";
				TargetAttributes = {
					09F68E4321EE6007005658C2 = {
						CreatedOnToolsVersion = 10.1;
					};
					09F68E5721EE6008005658C2 = {
						CreatedOnToolsVersion = 10.1;
						TestTargetID = 09F68E4321EE6007005658C2;
					};
					09F68E6221EE6008005658C2 = {
						CreatedOnToolsVersion = 10.1;
						TestTargetID = 09F68E4321EE6007005658C2;
					};
				};
			};
			buildConfigurationList = 09F68E3F21EE6007005658C2 /* Build configuration list for PBXProject "GameSearch" */;
			compatibilityVersion = "Xcode 9.3";
			developmentRegion = en;
			hasScannedForEncodings = 0;
			knownRegions = (
				en,
				Base,
			);
			mainGroup = 09F68E3B21EE6007005658C2;
			productRefGroup = 09F68E4521EE6007005658C2 /* Products */;
			projectDirPath = "";
			projectRoot = "";
			targets = (
				09F68E4321EE6007005658C2 /* GameSearch */,
				09F68E5721EE6008005658C2 /* GameSearchTests */,
				09F68E6221EE6008005658C2 /* GameSearchUITests */,
			);
		};
/* End PBXProject section */

/* Begin PBXResourcesBuildPhase section */
		09F68E4221EE6007005658C2 /* Resources */ = {
			isa = PBXResourcesBuildPhase;
			buildActionMask = 2147483647;
			files = (
				09F68E5221EE6008005658C2 /* LaunchScreen.storyboard in Resources */,
				09F68E4F21EE6008005658C2 /* Assets.xcassets in Resources */,
				09F68E4D21EE6007005658C2 /* Main.storyboard in Resources */,
			);
			runOnlyForDeploymentPostprocessing = 0;
		};
		09F68E5621EE6008005658C2 /* Resources */ = {
			isa = PBXResourcesBuildPhase;
			buildActionMask = 2147483647;
			files = (
			);
			runOnlyForDeploymentPostprocessing = 0;
		};
		09F68E6121EE6008005658C2 /* Resources */ = {
			isa = PBXResourcesBuildPhase;
			buildActionMask = 2147483647;
			files = (
			);
			runOnlyForDeploymentPostprocessing = 0;
		};
/* End PBXResourcesBuildPhase section */

/* Begin PBXShellScriptBuildPhase section */
		4AF15CD1D5E2A06314B14E72 /* [CP] Check Pods Manifest.lock */ = {
			isa = PBXShellScriptBuildPhase;
			buildActionMask = 2147483647;
			files = (
			);
			inputPaths = (
				"${PODS_PODFILE_DIR_PATH}/Podfile.lock",
				"${PODS_ROOT}/Manifest.lock",
			);
			name = "[CP] Check Pods Manifest.lock";
			outputPaths = (
				"$(DERIVED_FILE_DIR)/Pods-GameSearchUITests-checkManifestLockResult.txt",
			);
			runOnlyForDeploymentPostprocessing = 0;
			shellPath = /bin/sh;
			shellScript = "diff \"${PODS_PODFILE_DIR_PATH}/Podfile.lock\" \"${PODS_ROOT}/Manifest.lock\" > /dev/null\nif [ $? != 0 ] ; then\n    # print error to STDERR\n    echo \"error: The sandbox is not in sync with the Podfile.lock. Run 'pod install' or update your CocoaPods installation.\" >&2\n    exit 1\nfi\n# This output is used by Xcode 'outputs' to avoid re-running this script phase.\necho \"SUCCESS\" > \"${SCRIPT_OUTPUT_FILE_0}\"\n";
			showEnvVarsInLog = 0;
		};
		72F8A55CAF00BC4CDEBCFDAA /* [CP] Embed Pods Frameworks */ = {
			isa = PBXShellScriptBuildPhase;
			buildActionMask = 2147483647;
			files = (
			);
			inputPaths = (
				"${SRCROOT}/Pods/Target Support Files/Pods-GameSearch/Pods-GameSearch-frameworks.sh",
				"${BUILT_PRODUCTS_DIR}/Alamofire/Alamofire.framework",
				"${BUILT_PRODUCTS_DIR}/SwiftyJSON/SwiftyJSON.framework",
			);
			name = "[CP] Embed Pods Frameworks";
			outputPaths = (
				"${TARGET_BUILD_DIR}/${FRAMEWORKS_FOLDER_PATH}/Alamofire.framework",
				"${TARGET_BUILD_DIR}/${FRAMEWORKS_FOLDER_PATH}/SwiftyJSON.framework",
			);
			runOnlyForDeploymentPostprocessing = 0;
			shellPath = /bin/sh;
			shellScript = "\"${SRCROOT}/Pods/Target Support Files/Pods-GameSearch/Pods-GameSearch-frameworks.sh\"\n";
			showEnvVarsInLog = 0;
		};
		B55FEF4515C51EE7CC189AD7 /* [CP] Check Pods Manifest.lock */ = {
			isa = PBXShellScriptBuildPhase;
			buildActionMask = 2147483647;
			files = (
			);
			inputPaths = (
				"${PODS_PODFILE_DIR_PATH}/Podfile.lock",
				"${PODS_ROOT}/Manifest.lock",
			);
			name = "[CP] Check Pods Manifest.lock";
			outputPaths = (
				"$(DERIVED_FILE_DIR)/Pods-GameSearch-checkManifestLockResult.txt",
			);
			runOnlyForDeploymentPostprocessing = 0;
			shellPath = /bin/sh;
			shellScript = "diff \"${PODS_PODFILE_DIR_PATH}/Podfile.lock\" \"${PODS_ROOT}/Manifest.lock\" > /dev/null\nif [ $? != 0 ] ; then\n    # print error to STDERR\n    echo \"error: The sandbox is not in sync with the Podfile.lock. Run 'pod install' or update your CocoaPods installation.\" >&2\n    exit 1\nfi\n# This output is used by Xcode 'outputs' to avoid re-running this script phase.\necho \"SUCCESS\" > \"${SCRIPT_OUTPUT_FILE_0}\"\n";
			showEnvVarsInLog = 0;
		};
		F7B45CC802A7FEB69C4D0F7D /* [CP] Check Pods Manifest.lock */ = {
			isa = PBXShellScriptBuildPhase;
			buildActionMask = 2147483647;
			files = (
			);
			inputPaths = (
				"${PODS_PODFILE_DIR_PATH}/Podfile.lock",
				"${PODS_ROOT}/Manifest.lock",
			);
			name = "[CP] Check Pods Manifest.lock";
			outputPaths = (
				"$(DERIVED_FILE_DIR)/Pods-GameSearchTests-checkManifestLockResult.txt",
			);
			runOnlyForDeploymentPostprocessing = 0;
			shellPath = /bin/sh;
			shellScript = "diff \"${PODS_PODFILE_DIR_PATH}/Podfile.lock\" \"${PODS_ROOT}/Manifest.lock\" > /dev/null\nif [ $? != 0 ] ; then\n    # print error to STDERR\n    echo \"error: The sandbox is not in sync with the Podfile.lock. Run 'pod install' or update your CocoaPods installation.\" >&2\n    exit 1\nfi\n# This output is used by Xcode 'outputs' to avoid re-running this script phase.\necho \"SUCCESS\" > \"${SCRIPT_OUTPUT_FILE_0}\"\n";
			showEnvVarsInLog = 0;
		};
/* End PBXShellScriptBuildPhase section */

/* Begin PBXSourcesBuildPhase section */
		09F68E4021EE6007005658C2 /* Sources */ = {
			isa = PBXSourcesBuildPhase;
			buildActionMask = 2147483647;
			files = (
				09C4708E21EE7040003C1B71 /* GameTableViewController.swift in Sources */,
				09F68E4A21EE6007005658C2 /* ViewController.swift in Sources */,
				09F68E4821EE6007005658C2 /* AppDelegate.swift in Sources */,
			);
			runOnlyForDeploymentPostprocessing = 0;
		};
		09F68E5421EE6008005658C2 /* Sources */ = {
			isa = PBXSourcesBuildPhase;
			buildActionMask = 2147483647;
			files = (
				09F68E5D21EE6008005658C2 /* GameSearchTests.swift in Sources */,
			);
			runOnlyForDeploymentPostprocessing = 0;
		};
		09F68E5F21EE6008005658C2 /* Sources */ = {
			isa = PBXSourcesBuildPhase;
			buildActionMask = 2147483647;
			files = (
				09F68E6821EE6008005658C2 /* GameSearchUITests.swift in Sources */,
			);
			runOnlyForDeploymentPostprocessing = 0;
		};
/* End PBXSourcesBuildPhase section */

/* Begin PBXTargetDependency section */
		09F68E5A21EE6008005658C2 /* PBXTargetDependency */ = {
			isa = PBXTargetDependency;
			target = 09F68E4321EE6007005658C2 /* GameSearch */;
			targetProxy = 09F68E5921EE6008005658C2 /* PBXContainerItemProxy */;
		};
		09F68E6521EE6008005658C2 /* PBXTargetDependency */ = {
			isa = PBXTargetDependency;
			target = 09F68E4321EE6007005658C2 /* GameSearch */;
			targetProxy = 09F68E6421EE6008005658C2 /* PBXContainerItemProxy */;
		};
/* End PBXTargetDependency section */

/* Begin PBXVariantGroup section */
		09F68E4B21EE6007005658C2 /* Main.storyboard */ = {
			isa = PBXVariantGroup;
			children = (
				09F68E4C21EE6007005658C2 /* Base */,
			);
			name = Main.storyboard;
			sourceTree = "<group>";
		};
		09F68E5021EE6008005658C2 /* LaunchScreen.storyboard */ = {
			isa = PBXVariantGroup;
			children = (
				09F68E5121EE6008005658C2 /* Base */,
			);
			name = LaunchScreen.storyboard;
			sourceTree = "<group>";
		};
/* End PBXVariantGroup section */

/* Begin XCBuildConfiguration section */
		09F68E6A21EE6008005658C2 /* Debug */ = {
			isa = XCBuildConfiguration;
			buildSettings = {
				ALWAYS_SEARCH_USER_PATHS = NO;
				CLANG_ANALYZER_NONNULL = YES;
				CLANG_ANALYZER_NUMBER_OBJECT_CONVERSION = YES_AGGRESSIVE;
				CLANG_CXX_LANGUAGE_STANDARD = "gnu++14";
				CLANG_CXX_LIBRARY = "libc++";
				CLANG_ENABLE_MODULES = YES;
				CLANG_ENABLE_OBJC_ARC = YES;
				CLANG_ENABLE_OBJC_WEAK = YES;
				CLANG_WARN_BLOCK_CAPTURE_AUTORELEASING = YES;
				CLANG_WARN_BOOL_CONVERSION = YES;
				CLANG_WARN_COMMA = YES;
				CLANG_WARN_CONSTANT_CONVERSION = YES;
				CLANG_WARN_DEPRECATED_OBJC_IMPLEMENTATIONS = YES;
				CLANG_WARN_DIRECT_OBJC_ISA_USAGE = YES_ERROR;
				CLANG_WARN_DOCUMENTATION_COMMENTS = YES;
				CLANG_WARN_EMPTY_BODY = YES;
				CLANG_WARN_ENUM_CONVERSION = YES;
				CLANG_WARN_INFINITE_RECURSION = YES;
				CLANG_WARN_INT_CONVERSION = YES;
				CLANG_WARN_NON_LITERAL_NULL_CONVERSION = YES;
				CLANG_WARN_OBJC_IMPLICIT_RETAIN_SELF = YES;
				CLANG_WARN_OBJC_LITERAL_CONVERSION = YES;
				CLANG_WARN_OBJC_ROOT_CLASS = YES_ERROR;
				CLANG_WARN_RANGE_LOOP_ANALYSIS = YES;
				CLANG_WARN_STRICT_PROTOTYPES = YES;
				CLANG_WARN_SUSPICIOUS_MOVE = YES;
				CLANG_WARN_UNGUARDED_AVAILABILITY = YES_AGGRESSIVE;
				CLANG_WARN_UNREACHABLE_CODE = YES;
				CLANG_WARN__DUPLICATE_METHOD_MATCH = YES;
				CODE_SIGN_IDENTITY = "iPhone Developer";
				COPY_PHASE_STRIP = NO;
				DEBUG_INFORMATION_FORMAT = dwarf;
				ENABLE_STRICT_OBJC_MSGSEND = YES;
				ENABLE_TESTABILITY = YES;
				GCC_C_LANGUAGE_STANDARD = gnu11;
				GCC_DYNAMIC_NO_PIC = NO;
				GCC_NO_COMMON_BLOCKS = YES;
				GCC_OPTIMIZATION_LEVEL = 0;
				GCC_PREPROCESSOR_DEFINITIONS = (
					"DEBUG=1",
					"$(inherited)",
				);
				GCC_WARN_64_TO_32_BIT_CONVERSION = YES;
				GCC_WARN_ABOUT_RETURN_TYPE = YES_ERROR;
				GCC_WARN_UNDECLARED_SELECTOR = YES;
				GCC_WARN_UNINITIALIZED_AUTOS = YES_AGGRESSIVE;
				GCC_WARN_UNUSED_FUNCTION = YES;
				GCC_WARN_UNUSED_VARIABLE = YES;
				IPHONEOS_DEPLOYMENT_TARGET = 12.1;
				MTL_ENABLE_DEBUG_INFO = INCLUDE_SOURCE;
				MTL_FAST_MATH = YES;
				ONLY_ACTIVE_ARCH = YES;
				SDKROOT = iphoneos;
				SWIFT_ACTIVE_COMPILATION_CONDITIONS = DEBUG;
				SWIFT_OPTIMIZATION_LEVEL = "-Onone";
			};
			name = Debug;
		};
		09F68E6B21EE6008005658C2 /* Release */ = {
			isa = XCBuildConfiguration;
			buildSettings = {
				ALWAYS_SEARCH_USER_PATHS = NO;
				CLANG_ANALYZER_NONNULL = YES;
				CLANG_ANALYZER_NUMBER_OBJECT_CONVERSION = YES_AGGRESSIVE;
				CLANG_CXX_LANGUAGE_STANDARD = "gnu++14";
				CLANG_CXX_LIBRARY = "libc++";
				CLANG_ENABLE_MODULES = YES;
				CLANG_ENABLE_OBJC_ARC = YES;
				CLANG_ENABLE_OBJC_WEAK = YES;
				CLANG_WARN_BLOCK_CAPTURE_AUTORELEASING = YES;
				CLANG_WARN_BOOL_CONVERSION = YES;
				CLANG_WARN_COMMA = YES;
				CLANG_WARN_CONSTANT_CONVERSION = YES;
				CLANG_WARN_DEPRECATED_OBJC_IMPLEMENTATIONS = YES;
				CLANG_WARN_DIRECT_OBJC_ISA_USAGE = YES_ERROR;
				CLANG_WARN_DOCUMENTATION_COMMENTS = YES;
				CLANG_WARN_EMPTY_BODY = YES;
				CLANG_WARN_ENUM_CONVERSION = YES;
				CLANG_WARN_INFINITE_RECURSION = YES;
				CLANG_WARN_INT_CONVERSION = YES;
				CLANG_WARN_NON_LITERAL_NULL_CONVERSION = YES;
				CLANG_WARN_OBJC_IMPLICIT_RETAIN_SELF = YES;
				CLANG_WARN_OBJC_LITERAL_CONVERSION = YES;
				CLANG_WARN_OBJC_ROOT_CLASS = YES_ERROR;
				CLANG_WARN_RANGE_LOOP_ANALYSIS = YES;
				CLANG_WARN_STRICT_PROTOTYPES = YES;
				CLANG_WARN_SUSPICIOUS_MOVE = YES;
				CLANG_WARN_UNGUARDED_AVAILABILITY = YES_AGGRESSIVE;
				CLANG_WARN_UNREACHABLE_CODE = YES;
				CLANG_WARN__DUPLICATE_METHOD_MATCH = YES;
				CODE_SIGN_IDENTITY = "iPhone Developer";
				COPY_PHASE_STRIP = NO;
				DEBUG_INFORMATION_FORMAT = "dwarf-with-dsym";
				ENABLE_NS_ASSERTIONS = NO;
				ENABLE_STRICT_OBJC_MSGSEND = YES;
				GCC_C_LANGUAGE_STANDARD = gnu11;
				GCC_NO_COMMON_BLOCKS = YES;
				GCC_WARN_64_TO_32_BIT_CONVERSION = YES;
				GCC_WARN_ABOUT_RETURN_TYPE = YES_ERROR;
				GCC_WARN_UNDECLARED_SELECTOR = YES;
				GCC_WARN_UNINITIALIZED_AUTOS = YES_AGGRESSIVE;
				GCC_WARN_UNUSED_FUNCTION = YES;
				GCC_WARN_UNUSED_VARIABLE = YES;
				IPHONEOS_DEPLOYMENT_TARGET = 12.1;
				MTL_ENABLE_DEBUG_INFO = NO;
				MTL_FAST_MATH = YES;
				SDKROOT = iphoneos;
				SWIFT_COMPILATION_MODE = wholemodule;
				SWIFT_OPTIMIZATION_LEVEL = "-O";
				VALIDATE_PRODUCT = YES;
			};
			name = Release;
		};
		09F68E6D21EE6008005658C2 /* Debug */ = {
			isa = XCBuildConfiguration;
			baseConfigurationReference = D07AD98BA58EB98E8220909E /* Pods-GameSearch.debug.xcconfig */;
			buildSettings = {
				ASSETCATALOG_COMPILER_APPICON_NAME = AppIcon;
				CODE_SIGN_STYLE = Automatic;
				DEVELOPMENT_TEAM = W2VK5K38Q7;
				INFOPLIST_FILE = GameSearch/Info.plist;
				LD_RUNPATH_SEARCH_PATHS = (
					"$(inherited)",
					"@executable_path/Frameworks",
				);
				PRODUCT_BUNDLE_IDENTIFIER = "Nexsys-Technologies.GameSearch";
				PRODUCT_NAME = "$(TARGET_NAME)";
				SWIFT_VERSION = 4.2;
				TARGETED_DEVICE_FAMILY = "1,2";
			};
			name = Debug;
		};
		09F68E6E21EE6008005658C2 /* Release */ = {
			isa = XCBuildConfiguration;
			baseConfigurationReference = A84ED7FA4621A50B273E7E30 /* Pods-GameSearch.release.xcconfig */;
			buildSettings = {
				ASSETCATALOG_COMPILER_APPICON_NAME = AppIcon;
				CODE_SIGN_STYLE = Automatic;
				DEVELOPMENT_TEAM = W2VK5K38Q7;
				INFOPLIST_FILE = GameSearch/Info.plist;
				LD_RUNPATH_SEARCH_PATHS = (
					"$(inherited)",
					"@executable_path/Frameworks",
				);
				PRODUCT_BUNDLE_IDENTIFIER = "Nexsys-Technologies.GameSearch";
				PRODUCT_NAME = "$(TARGET_NAME)";
				SWIFT_VERSION = 4.2;
				TARGETED_DEVICE_FAMILY = "1,2";
			};
			name = Release;
		};
		09F68E7021EE6008005658C2 /* Debug */ = {
			isa = XCBuildConfiguration;
			baseConfigurationReference = 5D7B1E84229E3C729AC4A311 /* Pods-GameSearchTests.debug.xcconfig */;
			buildSettings = {
				ALWAYS_EMBED_SWIFT_STANDARD_LIBRARIES = YES;
				BUNDLE_LOADER = "$(TEST_HOST)";
				CODE_SIGN_STYLE = Automatic;
				DEVELOPMENT_TEAM = W2VK5K38Q7;
				INFOPLIST_FILE = GameSearchTests/Info.plist;
				LD_RUNPATH_SEARCH_PATHS = (
					"$(inherited)",
					"@executable_path/Frameworks",
					"@loader_path/Frameworks",
				);
				PRODUCT_BUNDLE_IDENTIFIER = "Nexsys-Technologies.GameSearchTests";
				PRODUCT_NAME = "$(TARGET_NAME)";
				SWIFT_VERSION = 4.2;
				TARGETED_DEVICE_FAMILY = "1,2";
				TEST_HOST = "$(BUILT_PRODUCTS_DIR)/GameSearch.app/GameSearch";
			};
			name = Debug;
		};
		09F68E7121EE6008005658C2 /* Release */ = {
			isa = XCBuildConfiguration;
			baseConfigurationReference = 2A13A24B8F366DCD32B1D8ED /* Pods-GameSearchTests.release.xcconfig */;
			buildSettings = {
				ALWAYS_EMBED_SWIFT_STANDARD_LIBRARIES = YES;
				BUNDLE_LOADER = "$(TEST_HOST)";
				CODE_SIGN_STYLE = Automatic;
				DEVELOPMENT_TEAM = W2VK5K38Q7;
				INFOPLIST_FILE = GameSearchTests/Info.plist;
				LD_RUNPATH_SEARCH_PATHS = (
					"$(inherited)",
					"@executable_path/Frameworks",
					"@loader_path/Frameworks",
				);
				PRODUCT_BUNDLE_IDENTIFIER = "Nexsys-Technologies.GameSearchTests";
				PRODUCT_NAME = "$(TARGET_NAME)";
				SWIFT_VERSION = 4.2;
				TARGETED_DEVICE_FAMILY = "1,2";
				TEST_HOST = "$(BUILT_PRODUCTS_DIR)/GameSearch.app/GameSearch";
			};
			name = Release;
		};
		09F68E7321EE6008005658C2 /* Debug */ = {
			isa = XCBuildConfiguration;
			baseConfigurationReference = E83368C4B8226A0B1D74AE9B /* Pods-GameSearchUITests.debug.xcconfig */;
			buildSettings = {
				ALWAYS_EMBED_SWIFT_STANDARD_LIBRARIES = YES;
				CODE_SIGN_STYLE = Automatic;
				DEVELOPMENT_TEAM = W2VK5K38Q7;
				INFOPLIST_FILE = GameSearchUITests/Info.plist;
				LD_RUNPATH_SEARCH_PATHS = (
					"$(inherited)",
					"@executable_path/Frameworks",
					"@loader_path/Frameworks",
				);
				PRODUCT_BUNDLE_IDENTIFIER = "Nexsys-Technologies.GameSearchUITests";
				PRODUCT_NAME = "$(TARGET_NAME)";
				SWIFT_VERSION = 4.2;
				TARGETED_DEVICE_FAMILY = "1,2";
				TEST_TARGET_NAME = GameSearch;
			};
			name = Debug;
		};
		09F68E7421EE6008005658C2 /* Release */ = {
			isa = XCBuildConfiguration;
			baseConfigurationReference = 1577F00B9864723358ACCD37 /* Pods-GameSearchUITests.release.xcconfig */;
			buildSettings = {
				ALWAYS_EMBED_SWIFT_STANDARD_LIBRARIES = YES;
				CODE_SIGN_STYLE = Automatic;
				DEVELOPMENT_TEAM = W2VK5K38Q7;
				INFOPLIST_FILE = GameSearchUITests/Info.plist;
				LD_RUNPATH_SEARCH_PATHS = (
					"$(inherited)",
					"@executable_path/Frameworks",
					"@loader_path/Frameworks",
				);
				PRODUCT_BUNDLE_IDENTIFIER = "Nexsys-Technologies.GameSearchUITests";
				PRODUCT_NAME = "$(TARGET_NAME)";
				SWIFT_VERSION = 4.2;
				TARGETED_DEVICE_FAMILY = "1,2";
				TEST_TARGET_NAME = GameSearch;
			};
			name = Release;
		};
/* End XCBuildConfiguration section */

/* Begin XCConfigurationList section */
		09F68E3F21EE6007005658C2 /* Build configuration list for PBXProject "GameSearch" */ = {
			isa = XCConfigurationList;
			buildConfigurations = (
				09F68E6A21EE6008005658C2 /* Debug */,
				09F68E6B21EE6008005658C2 /* Release */,
			);
			defaultConfigurationIsVisible = 0;
			defaultConfigurationName = Release;
		};
		09F68E6C21EE6008005658C2 /* Build configuration list for PBXNativeTarget "GameSearch" */ = {
			isa = XCConfigurationList;
			buildConfigurations = (
				09F68E6D21EE6008005658C2 /* Debug */,
				09F68E6E21EE6008005658C2 /* Release */,
			);
			defaultConfigurationIsVisible = 0;
			defaultConfigurationName = Release;
		};
		09F68E6F21EE6008005658C2 /* Build configuration list for PBXNativeTarget "GameSearchTests" */ = {
			isa = XCConfigurationList;
			buildConfigurations = (
				09F68E7021EE6008005658C2 /* Debug */,
				09F68E7121EE6008005658C2 /* Release */,
			);
			defaultConfigurationIsVisible = 0;
			defaultConfigurationName = Release;
		};
		09F68E7221EE6008005658C2 /* Build configuration list for PBXNativeTarget "GameSearchUITests" */ = {
			isa = XCConfigurationList;
			buildConfigurations = (
				09F68E7321EE6008005658C2 /* Debug */,
				09F68E7421EE6008005658C2 /* Release */,
			);
			defaultConfigurationIsVisible = 0;
			defaultConfigurationName = Release;
		};
/* End XCConfigurationList section */
	};
	rootObject = 09F68E3C21EE6007005658C2 /* Project object */;
}
